
Microsoft Visual Studio Solution File, Format Version 12.00
# Visual Studio Version 17
VisualStudioVersion = 17.4.33110.190
MinimumVisualStudioVersion = 10.0.40219.1
Project("{FAE04EC0-301F-11D3-BF4B-00C04F79EFBC}") = "HelloWorld", "HelloWorld\HelloWorld.csproj", "{95FEC975-C6C5-4C34-9B6D-AFB438108987}"
EndProject
Global
	GlobalSection(SolutionConfigurationPlatforms) = preSolution
		Debug|Any CPU = Debug|Any CPU
		Release|Any CPU = Release|Any CPU
	EndGlobalSection
	GlobalSection(ProjectConfigurationPlatforms) = postSolution
		{95FEC975-C6C5-4C34-9B6D-AFB438108987}.Debug|Any CPU.ActiveCfg = Debug|Any CPU
		{95FEC975-C6C5-4C34-9B6D-AFB438108987}.Debug|Any CPU.Build.0 = Debug|Any CPU
		{95FEC975-C6C5-4C34-9B6D-AFB438108987}.Release|Any CPU.ActiveCfg = Release|Any CPU
		{95FEC975-C6C5-4C34-9B6D-AFB438108987}.Release|Any CPU.Build.0 = Release|Any CPU
	EndGlobalSection
	GlobalSection(SolutionProperties) = preSolution
		HideSolutionNode = FALSE
	EndGlobalSection
	GlobalSection(ExtensibilityGlobals) = postSolution
		SolutionGuid = {CBCA3A89-F837-4228-B974-16B3856184EC}
	EndGlobalSection
EndGlobal
